
Microsoft Visual Studio Solution File, Format Version 12.00
# Visual Studio 2013
VisualStudioVersion = 12.0.31101.0
MinimumVisualStudioVersion = 10.0.40219.1
Project("{FAE04EC0-301F-11D3-BF4B-00C04F79EFBC}") = "CoolblueAssigment", "CoolblueAssigment\CoolblueAssigment.csproj", "{70D82A94-4BA4-44A3-9333-F6E59F238659}"
EndProject
Project("{FAE04EC0-301F-11D3-BF4B-00C04F79EFBC}") = "CoolblueAssigment.Tests", "CoolblueAssigment.Tests\CoolblueAssigment.Tests.csproj", "{588345CC-0980-44C9-A513-7C1AD970AE49}"
EndProject
Project("{FAE04EC0-301F-11D3-BF4B-00C04F79EFBC}") = "Coolblue.Assigment.DAL", "Coolblue.Assigment.DAL\Coolblue.Assigment.DAL.csproj", "{3F0883DA-134A-464C-927D-B4D4D9515C46}"
EndProject
Global
	GlobalSection(SolutionConfigurationPlatforms) = preSolution
		Debug|Any CPU = Debug|Any CPU
		Release|Any CPU = Release|Any CPU
	EndGlobalSection
	GlobalSection(ProjectConfigurationPlatforms) = postSolution
		{70D82A94-4BA4-44A3-9333-F6E59F238659}.Debug|Any CPU.ActiveCfg = Debug|Any CPU
		{70D82A94-4BA4-44A3-9333-F6E59F238659}.Debug|Any CPU.Build.0 = Debug|Any CPU
		{70D82A94-4BA4-44A3-9333-F6E59F238659}.Release|Any CPU.ActiveCfg = Release|Any CPU
		{70D82A94-4BA4-44A3-9333-F6E59F238659}.Release|Any CPU.Build.0 = Release|Any CPU
		{588345CC-0980-44C9-A513-7C1AD970AE49}.Debug|Any CPU.ActiveCfg = Debug|Any CPU
		{588345CC-0980-44C9-A513-7C1AD970AE49}.Debug|Any CPU.Build.0 = Debug|Any CPU
		{588345CC-0980-44C9-A513-7C1AD970AE49}.Release|Any CPU.ActiveCfg = Release|Any CPU
		{588345CC-0980-44C9-A513-7C1AD970AE49}.Release|Any CPU.Build.0 = Release|Any CPU
		{3F0883DA-134A-464C-927D-B4D4D9515C46}.Debug|Any CPU.ActiveCfg = Debug|Any CPU
		{3F0883DA-134A-464C-927D-B4D4D9515C46}.Debug|Any CPU.Build.0 = Debug|Any CPU
		{3F0883DA-134A-464C-927D-B4D4D9515C46}.Release|Any CPU.ActiveCfg = Release|Any CPU
		{3F0883DA-134A-464C-927D-B4D4D9515C46}.Release|Any CPU.Build.0 = Release|Any CPU
	EndGlobalSection
	GlobalSection(SolutionProperties) = preSolution
		HideSolutionNode = FALSE
	EndGlobalSection
EndGlobal
